// !$*UTF8*$!
{
	archiveVersion = 1;
	classes = {
	};
	objectVersion = 46;
	objects = {

/* Begin PBXBuildFile section */
		CBBCA9921F1F09C8001EC040 /* main.m in Sources */ = {isa = PBXBuildFile; fileRef = CBBCA9911F1F09C8001EC040 /* main.m */; };
		CBBCA9951F1F09C8001EC040 /* AppDelegate.m in Sources */ = {isa = PBXBuildFile; fileRef = CBBCA9941F1F09C8001EC040 /* AppDelegate.m */; };
		CBBCA9981F1F09C8001EC040 /* ViewController.m in Sources */ = {isa = PBXBuildFile; fileRef = CBBCA9971F1F09C8001EC040 /* ViewController.m */; };
		CBBCA99B1F1F09C8001EC040 /* Main.storyboard in Resources */ = {isa = PBXBuildFile; fileRef = CBBCA9991F1F09C8001EC040 /* Main.storyboard */; };
		CBBCA99D1F1F09C8001EC040 /* Assets.xcassets in Resources */ = {isa = PBXBuildFile; fileRef = CBBCA99C1F1F09C8001EC040 /* Assets.xcassets */; };
		CBBCA9A01F1F09C8001EC040 /* LaunchScreen.storyboard in Resources */ = {isa = PBXBuildFile; fileRef = CBBCA99E1F1F09C8001EC040 /* LaunchScreen.storyboard */; };
		E69DE31E9F958666541C04C7 /* libPods-CCUILabel.a in Frameworks */ = {isa = PBXBuildFile; fileRef = 45394B3C343B063ACF08A340 /* libPods-CCUILabel.a */; };
/* End PBXBuildFile section */

/* Begin PBXFileReference section */
		0E5F6FA783F8D26A8EDEB0CF /* Pods-CCUILabel.release.xcconfig */ = {isa = PBXFileReference; includeInIndex = 1; lastKnownFileType = text.xcconfig; name = "Pods-CCUILabel.release.xcconfig"; path = "Pods/Target Support Files/Pods-CCUILabel/Pods-CCUILabel.release.xcconfig"; sourceTree = "<group>"; };
		1AE3E9522D4031E276B52CF1 /* Pods-CCUILabel.debug.xcconfig */ = {isa = PBXFileReference; includeInIndex = 1; lastKnownFileType = text.xcconfig; name = "Pods-CCUILabel.debug.xcconfig"; path = "Pods/Target Support Files/Pods-CCUILabel/Pods-CCUILabel.debug.xcconfig"; sourceTree = "<group>"; };
		45394B3C343B063ACF08A340 /* libPods-CCUILabel.a */ = {isa = PBXFileReference; explicitFileType = archive.ar; includeInIndex = 0; path = "libPods-CCUILabel.a"; sourceTree = BUILT_PRODUCTS_DIR; };
		CBBCA98D1F1F09C8001EC040 /* CCUILabel.app */ = {isa = PBXFileReference; explicitFileType = wrapper.application; includeInIndex = 0; path = CCUILabel.app; sourceTree = BUILT_PRODUCTS_DIR; };
		CBBCA9911F1F09C8001EC040 /* main.m */ = {isa = PBXFileReference; lastKnownFileType = sourcecode.c.objc; path = main.m; sourceTree = "<group>"; };
		CBBCA9931F1F09C8001EC040 /* AppDelegate.h */ = {isa = PBXFileReference; lastKnownFileType = sourcecode.c.h; path = AppDelegate.h; sourceTree = "<group>"; };
		CBBCA9941F1F09C8001EC040 /* AppDelegate.m */ = {isa = PBXFileReference; lastKnownFileType = sourcecode.c.objc; path = AppDelegate.m; sourceTree = "<group>"; };
		CBBCA9961F1F09C8001EC040 /* ViewController.h */ = {isa = PBXFileReference; lastKnownFileType = sourcecode.c.h; path = ViewController.h; sourceTree = "<group>"; };
		CBBCA9971F1F09C8001EC040 /* ViewController.m */ = {isa = PBXFileReference; lastKnownFileType = sourcecode.c.objc; path = ViewController.m; sourceTree = "<group>"; };
		CBBCA99A1F1F09C8001EC040 /* Base */ = {isa = PBXFileReference; lastKnownFileType = file.storyboard; name = Base; path = Base.lproj/Main.storyboard; sourceTree = "<group>"; };
		CBBCA99C1F1F09C8001EC040 /* Assets.xcassets */ = {isa = PBXFileReference; lastKnownFileType = folder.assetcatalog; path = Assets.xcassets; sourceTree = "<group>"; };
		CBBCA99F1F1F09C8001EC040 /* Base */ = {isa = PBXFileReference; lastKnownFileType = file.storyboard; name = Base; path = Base.lproj/LaunchScreen.storyboard; sourceTree = "<group>"; };
		CBBCA9A11F1F09C8001EC040 /* Info.plist */ = {isa = PBXFileReference; lastKnownFileType = text.plist.xml; path = Info.plist; sourceTree = "<group>"; };
/* End PBXFileReference section */

/* Begin PBXFrameworksBuildPhase section */
		CBBCA98A1F1F09C8001EC040 /* Frameworks */ = {
			isa = PBXFrameworksBuildPhase;
			buildActionMask = 2147483647;
			files = (
				E69DE31E9F958666541C04C7 /* libPods-CCUILabel.a in Frameworks */,
			);
			runOnlyForDeploymentPostprocessing = 0;
		};
/* End PBXFrameworksBuildPhase section */

/* Begin PBXGroup section */
		7EEA08151145DB4B61077C2C /* Frameworks */ = {
			isa = PBXGroup;
			children = (
				45394B3C343B063ACF08A340 /* libPods-CCUILabel.a */,
			);
			name = Frameworks;
			sourceTree = "<group>";
		};
		CBBCA9841F1F09C8001EC040 = {
			isa = PBXGroup;
			children = (
				CBBCA98F1F1F09C8001EC040 /* CCUILabel */,
				CBBCA98E1F1F09C8001EC040 /* Products */,
				D378B74681997E4BD82B18AA /* Pods */,
				7EEA08151145DB4B61077C2C /* Frameworks */,
			);
			sourceTree = "<group>";
		};
		CBBCA98E1F1F09C8001EC040 /* Products */ = {
			isa = PBXGroup;
			children = (
				CBBCA98D1F1F09C8001EC040 /* CCUILabel.app */,
			);
			name = Products;
			sourceTree = "<group>";
		};
		CBBCA98F1F1F09C8001EC040 /* CCUILabel */ = {
			isa = PBXGroup;
			children = (
				CBBCA9931F1F09C8001EC040 /* AppDelegate.h */,
				CBBCA9941F1F09C8001EC040 /* AppDelegate.m */,
				CBBCA9961F1F09C8001EC040 /* ViewController.h */,
				CBBCA9971F1F09C8001EC040 /* ViewController.m */,
				CBBCA9991F1F09C8001EC040 /* Main.storyboard */,
				CBBCA99C1F1F09C8001EC040 /* Assets.xcassets */,
				CBBCA99E1F1F09C8001EC040 /* LaunchScreen.storyboard */,
				CBBCA9A11F1F09C8001EC040 /* Info.plist */,
				CBBCA9901F1F09C8001EC040 /* Supporting Files */,
			);
			path = CCUILabel;
			sourceTree = "<group>";
		};
		CBBCA9901F1F09C8001EC040 /* Supporting Files */ = {
			isa = PBXGroup;
			children = (
				CBBCA9911F1F09C8001EC040 /* main.m */,
			);
			name = "Supporting Files";
			sourceTree = "<group>";
		};
		D378B74681997E4BD82B18AA /* Pods */ = {
			isa = PBXGroup;
			children = (
				1AE3E9522D4031E276B52CF1 /* Pods-CCUILabel.debug.xcconfig */,
				0E5F6FA783F8D26A8EDEB0CF /* Pods-CCUILabel.release.xcconfig */,
			);
			name = Pods;
			sourceTree = "<group>";
		};
/* End PBXGroup section */

/* Begin PBXNativeTarget section */
		CBBCA98C1F1F09C8001EC040 /* CCUILabel */ = {
			isa = PBXNativeTarget;
			buildConfigurationList = CBBCA9A41F1F09C8001EC040 /* Build configuration list for PBXNativeTarget "CCUILabel" */;
			buildPhases = (
				705BA3F39BB0D0FB5D13F57D /* [CP] Check Pods Manifest.lock */,
				CBBCA9891F1F09C8001EC040 /* Sources */,
				CBBCA98A1F1F09C8001EC040 /* Frameworks */,
				CBBCA98B1F1F09C8001EC040 /* Resources */,
				CC5BD6B697CCA9F1C167E2A1 /* [CP] Embed Pods Frameworks */,
				4E980D33875DAE69F3B46E2B /* [CP] Copy Pods Resources */,
			);
			buildRules = (
			);
			dependencies = (
			);
			name = CCUILabel;
			productName = CCUILabel;
			productReference = CBBCA98D1F1F09C8001EC040 /* CCUILabel.app */;
			productType = "com.apple.product-type.application";
		};
/* End PBXNativeTarget section */

/* Begin PBXProject section */
		CBBCA9851F1F09C8001EC040 /* Project object */ = {
			isa = PBXProject;
			attributes = {
				LastUpgradeCheck = 0830;
				ORGANIZATIONNAME = luckyCoderCai;
				TargetAttributes = {
					CBBCA98C1F1F09C8001EC040 = {
						CreatedOnToolsVersion = 8.3.2;
						DevelopmentTeam = 7GSW2BF5U4;
						ProvisioningStyle = Automatic;
					};
				};
			};
			buildConfigurationList = CBBCA9881F1F09C8001EC040 /* Build configuration list for PBXProject "CCUILabel" */;
			compatibilityVersion = "Xcode 3.2";
			developmentRegion = English;
			hasScannedForEncodings = 0;
			knownRegions = (
				en,
				Base,
			);
			mainGroup = CBBCA9841F1F09C8001EC040;
			productRefGroup = CBBCA98E1F1F09C8001EC040 /* Products */;
			projectDirPath = "";
			projectRoot = "";
			targets = (
				CBBCA98C1F1F09C8001EC040 /* CCUILabel */,
			);
		};
/* End PBXProject section */

/* Begin PBXResourcesBuildPhase section */
		CBBCA98B1F1F09C8001EC040 /* Resources */ = {
			isa = PBXResourcesBuildPhase;
			buildActionMask = 2147483647;
			files = (
				CBBCA9A01F1F09C8001EC040 /* LaunchScreen.storyboard in Resources */,
				CBBCA99D1F1F09C8001EC040 /* Assets.xcassets in Resources */,
				CBBCA99B1F1F09C8001EC040 /* Main.storyboard in Resources */,
			);
			runOnlyForDeploymentPostprocessing = 0;
		};
/* End PBXResourcesBuildPhase section */

/* Begin PBXShellScriptBuildPhase section */
		4E980D33875DAE69F3B46E2B /* [CP] Copy Pods Resources */ = {
			isa = PBXShellScriptBuildPhase;
			buildActionMask = 2147483647;
			files = (
			);
			inputPaths = (
			);
			name = "[CP] Copy Pods Resources";
			outputPaths = (
			);
			runOnlyForDeploymentPostprocessing = 0;
			shellPath = /bin/sh;
			shellScript = "\"${SRCROOT}/Pods/Target Support Files/Pods-CCUILabel/Pods-CCUILabel-resources.sh\"\n";
			showEnvVarsInLog = 0;
		};
		705BA3F39BB0D0FB5D13F57D /* [CP] Check Pods Manifest.lock */ = {
			isa = PBXShellScriptBuildPhase;
			buildActionMask = 2147483647;
			files = (
			);
			inputPaths = (
			);
			name = "[CP] Check Pods Manifest.lock";
			outputPaths = (
			);
			runOnlyForDeploymentPostprocessing = 0;
			shellPath = /bin/sh;
			shellScript = "diff \"${PODS_PODFILE_DIR_PATH}/Podfile.lock\" \"${PODS_ROOT}/Manifest.lock\" > /dev/null\nif [ $? != 0 ] ; then\n    # print error to STDERR\n    echo \"error: The sandbox is not in sync with the Podfile.lock. Run 'pod install' or update your CocoaPods installation.\" >&2\n    exit 1\nfi\n";
			showEnvVarsInLog = 0;
		};
		CC5BD6B697CCA9F1C167E2A1 /* [CP] Embed Pods Frameworks */ = {
			isa = PBXShellScriptBuildPhase;
			buildActionMask = 2147483647;
			files = (
			);
			inputPaths = (
			);
			name = "[CP] Embed Pods Frameworks";
			outputPaths = (
			);
			runOnlyForDeploymentPostprocessing = 0;
			shellPath = /bin/sh;
			shellScript = "\"${SRCROOT}/Pods/Target Support Files/Pods-CCUILabel/Pods-CCUILabel-frameworks.sh\"\n";
			showEnvVarsInLog = 0;
		};
/* End PBXShellScriptBuildPhase section */

/* Begin PBXSourcesBuildPhase section */
		CBBCA9891F1F09C8001EC040 /* Sources */ = {
			isa = PBXSourcesBuildPhase;
			buildActionMask = 2147483647;
			files = (
				CBBCA9981F1F09C8001EC040 /* ViewController.m in Sources */,
				CBBCA9951F1F09C8001EC040 /* AppDelegate.m in Sources */,
				CBBCA9921F1F09C8001EC040 /* main.m in Sources */,
			);
			runOnlyForDeploymentPostprocessing = 0;
		};
/* End PBXSourcesBuildPhase section */

/* Begin PBXVariantGroup section */
		CBBCA9991F1F09C8001EC040 /* Main.storyboard */ = {
			isa = PBXVariantGroup;
			children = (
				CBBCA99A1F1F09C8001EC040 /* Base */,
			);
			name = Main.storyboard;
			sourceTree = "<group>";
		};
		CBBCA99E1F1F09C8001EC040 /* LaunchScreen.storyboard */ = {
			isa = PBXVariantGroup;
			children = (
				CBBCA99F1F1F09C8001EC040 /* Base */,
			);
			name = LaunchScreen.storyboard;
			sourceTree = "<group>";
		};
/* End PBXVariantGroup section */

/* Begin XCBuildConfiguration section */
		CBBCA9A21F1F09C8001EC040 /* Debug */ = {
			isa = XCBuildConfiguration;
			buildSettings = {
				ALWAYS_SEARCH_USER_PATHS = NO;
				CLANG_ANALYZER_NONNULL = YES;
				CLANG_ANALYZER_NUMBER_OBJECT_CONVERSION = YES_AGGRESSIVE;
				CLANG_CXX_LANGUAGE_STANDARD = "gnu++0x";
				CLANG_CXX_LIBRARY = "libc++";
				CLANG_ENABLE_MODULES = YES;
				CLANG_ENABLE_OBJC_ARC = YES;
				CLANG_WARN_BOOL_CONVERSION = YES;
				CLANG_WARN_CONSTANT_CONVERSION = YES;
				CLANG_WARN_DIRECT_OBJC_ISA_USAGE = YES_ERROR;
				CLANG_WARN_DOCUMENTATION_COMMENTS = YES;
				CLANG_WARN_EMPTY_BODY = YES;
				CLANG_WARN_ENUM_CONVERSION = YES;
				CLANG_WARN_INFINITE_RECURSION = YES;
				CLANG_WARN_INT_CONVERSION = YES;
				CLANG_WARN_OBJC_ROOT_CLASS = YES_ERROR;
				CLANG_WARN_SUSPICIOUS_MOVE = YES;
				CLANG_WARN_UNREACHABLE_CODE = YES;
				CLANG_WARN__DUPLICATE_METHOD_MATCH = YES;
				"CODE_SIGN_IDENTITY[sdk=iphoneos*]" = "iPhone Developer";
				COPY_PHASE_STRIP = NO;
				DEBUG_INFORMATION_FORMAT = dwarf;
				ENABLE_STRICT_OBJC_MSGSEND = YES;
				ENABLE_TESTABILITY = YES;
				GCC_C_LANGUAGE_STANDARD = gnu99;
				GCC_DYNAMIC_NO_PIC = NO;
				GCC_NO_COMMON_BLOCKS = YES;
				GCC_OPTIMIZATION_LEVEL = 0;
				GCC_PREPROCESSOR_DEFINITIONS = (
					"DEBUG=1",
					"$(inherited)",
				);
				GCC_WARN_64_TO_32_BIT_CONVERSION = YES;
				GCC_WARN_ABOUT_RETURN_TYPE = YES_ERROR;
				GCC_WARN_UNDECLARED_SELECTOR = YES;
				GCC_WARN_UNINITIALIZED_AUTOS = YES_AGGRESSIVE;
				GCC_WARN_UNUSED_FUNCTION = YES;
				GCC_WARN_UNUSED_VARIABLE = YES;
				IPHONEOS_DEPLOYMENT_TARGET = 10.3;
				MTL_ENABLE_DEBUG_INFO = YES;
				ONLY_ACTIVE_ARCH = YES;
				SDKROOT = iphoneos;
			};
			name = Debug;
		};
		CBBCA9A31F1F09C8001EC040 /* Release */ = {
			isa = XCBuildConfiguration;
			buildSettings = {
				ALWAYS_SEARCH_USER_PATHS = NO;
				CLANG_ANALYZER_NONNULL = YES;
				CLANG_ANALYZER_NUMBER_OBJECT_CONVERSION = YES_AGGRESSIVE;
				CLANG_CXX_LANGUAGE_STANDARD = "gnu++0x";
				CLANG_CXX_LIBRARY = "libc++";
				CLANG_ENABLE_MODULES = YES;
				CLANG_ENABLE_OBJC_ARC = YES;
				CLANG_WARN_BOOL_CONVERSION = YES;
				CLANG_WARN_CONSTANT_CONVERSION = YES;
				CLANG_WARN_DIRECT_OBJC_ISA_USAGE = YES_ERROR;
				CLANG_WARN_DOCUMENTATION_COMMENTS = YES;
				CLANG_WARN_EMPTY_BODY = YES;
				CLANG_WARN_ENUM_CONVERSION = YES;
				CLANG_WARN_INFINITE_RECURSION = YES;
				CLANG_WARN_INT_CONVERSION = YES;
				CLANG_WARN_OBJC_ROOT_CLASS = YES_ERROR;
				CLANG_WARN_SUSPICIOUS_MOVE = YES;
				CLANG_WARN_UNREACHABLE_CODE = YES;
				CLANG_WARN__DUPLICATE_METHOD_MATCH = YES;
				"CODE_SIGN_IDENTITY[sdk=iphoneos*]" = "iPhone Developer";
				COPY_PHASE_STRIP = NO;
				DEBUG_INFORMATION_FORMAT = "dwarf-with-dsym";
				ENABLE_NS_ASSERTIONS = NO;
				ENABLE_STRICT_OBJC_MSGSEND = YES;
				GCC_C_LANGUAGE_STANDARD = gnu99;
				GCC_NO_COMMON_BLOCKS = YES;
				GCC_WARN_64_TO_32_BIT_CONVERSION = YES;
				GCC_WARN_ABOUT_RETURN_TYPE = YES_ERROR;
				GCC_WARN_UNDECLARED_SELECTOR = YES;
				GCC_WARN_UNINITIALIZED_AUTOS = YES_AGGRESSIVE;
				GCC_WARN_UNUSED_FUNCTION = YES;
				GCC_WARN_UNUSED_VARIABLE = YES;
				IPHONEOS_DEPLOYMENT_TARGET = 10.3;
				MTL_ENABLE_DEBUG_INFO = NO;
				SDKROOT = iphoneos;
				VALIDATE_PRODUCT = YES;
			};
			name = Release;
		};
		CBBCA9A51F1F09C8001EC040 /* Debug */ = {
			isa = XCBuildConfiguration;
			baseConfigurationReference = 1AE3E9522D4031E276B52CF1 /* Pods-CCUILabel.debug.xcconfig */;
			buildSettings = {
				ASSETCATALOG_COMPILER_APPICON_NAME = AppIcon;
				DEVELOPMENT_TEAM = 7GSW2BF5U4;
				INFOPLIST_FILE = CCUILabel/Info.plist;
				LD_RUNPATH_SEARCH_PATHS = "$(inherited) @executable_path/Frameworks";
				PRODUCT_BUNDLE_IDENTIFIER = Curtis.CCUILabel;
				PRODUCT_NAME = "$(TARGET_NAME)";
			};
			name = Debug;
		};
		CBBCA9A61F1F09C8001EC040 /* Release */ = {
			isa = XCBuildConfiguration;
			baseConfigurationReference = 0E5F6FA783F8D26A8EDEB0CF /* Pods-CCUILabel.release.xcconfig */;
			buildSettings = {
				ASSETCATALOG_COMPILER_APPICON_NAME = AppIcon;
				DEVELOPMENT_TEAM = 7GSW2BF5U4;
				INFOPLIST_FILE = CCUILabel/Info.plist;
				LD_RUNPATH_SEARCH_PATHS = "$(inherited) @executable_path/Frameworks";
				PRODUCT_BUNDLE_IDENTIFIER = Curtis.CCUILabel;
				PRODUCT_NAME = "$(TARGET_NAME)";
			};
			name = Release;
		};
/* End XCBuildConfiguration section */

/* Begin XCConfigurationList section */
		CBBCA9881F1F09C8001EC040 /* Build configuration list for PBXProject "CCUILabel" */ = {
			isa = XCConfigurationList;
			buildConfigurations = (
				CBBCA9A21F1F09C8001EC040 /* Debug */,
				CBBCA9A31F1F09C8001EC040 /* Release */,
			);
			defaultConfigurationIsVisible = 0;
			defaultConfigurationName = Release;
		};
		CBBCA9A41F1F09C8001EC040 /* Build configuration list for PBXNativeTarget "CCUILabel" */ = {
			isa = XCConfigurationList;
			buildConfigurations = (
				CBBCA9A51F1F09C8001EC040 /* Debug */,
				CBBCA9A61F1F09C8001EC040 /* Release */,
			);
			defaultConfigurationIsVisible = 0;
		};
/* End XCConfigurationList section */
	};
	rootObject = CBBCA9851F1F09C8001EC040 /* Project object */;
}
